PODS:
  - AFNetworking (3.2.0):
    - AFNetworking/NSURLSession (= 3.2.0)
    - AFNetworking/Reachability (= 3.2.0)
    - AFNetworking/Security (= 3.2.0)
    - AFNetworking/Serialization (= 3.2.0)
    - AFNetworking/UIKit (= 3.2.0)
  - AFNetworking/NSURLSession (3.2.0):
    - AFNetworking/Reachability
    - AFNetworking/Security
    - AFNetworking/Serialization
  - AFNetworking/Reachability (3.2.0)
  - AFNetworking/Security (3.2.0)
  - AFNetworking/Serialization (3.2.0)
  - AFNetworking/UIKit (3.2.0):
    - AFNetworking/NSURLSession
  - FLAnimatedImage (1.0.12)
  - NYTPhotoViewer (2.0.0):
    - NYTPhotoViewer/AnimatedGifSupport (= 2.0.0)
    - NYTPhotoViewer/Core (= 2.0.0)
  - NYTPhotoViewer/AnimatedGifSupport (2.0.0):
    - FLAnimatedImage (~> 1.0.12)
    - NYTPhotoViewer/Core
  - NYTPhotoViewer/Core (2.0.0)

DEPENDENCIES:
  - AFNetworking (~> 3.0)
  - NYTPhotoViewer

SPEC CHECKSUMS:
  AFNetworking: 8ac6017b94ea105479f7776e5288e48ae9c59bb4
  FLAnimatedImage: 4a0b56255d9b05f18b6dd7ee06871be5d3b89e31
  NYTPhotoViewer: 34b8bd6bcc297466adec1668f9a01249d73c90e6

PODFILE CHECKSUM: deb2322ff60b44d37254b03c104cee608d6528c3

COCOAPODS: 1.4.0
